
Microsoft Visual Studio Solution File, Format Version 12.00
# Visual Studio Version 16
VisualStudioVersion = 16.0.29613.14
MinimumVisualStudioVersion = 10.0.40219.1
Project("{FAE04EC0-301F-11D3-BF4B-00C04F79EFBC}") = "Insert-Record-Mvc-Core", "Insert-Record-Mvc-Core\Insert-Record-Mvc-Core.csproj", "{8DABB6DB-F6E9-4A83-95F5-2E6579F1B480}"
EndProject
Global
	GlobalSection(SolutionConfigurationPlatforms) = preSolution
		Debug|Any CPU = Debug|Any CPU
		Release|Any CPU = Release|Any CPU
	EndGlobalSection
	GlobalSection(ProjectConfigurationPlatforms) = postSolution
		{8DABB6DB-F6E9-4A83-95F5-2E6579F1B480}.Debug|Any CPU.ActiveCfg = Debug|Any CPU
		{8DABB6DB-F6E9-4A83-95F5-2E6579F1B480}.Debug|Any CPU.Build.0 = Debug|Any CPU
		{8DABB6DB-F6E9-4A83-95F5-2E6579F1B480}.Release|Any CPU.ActiveCfg = Release|Any CPU
		{8DABB6DB-F6E9-4A83-95F5-2E6579F1B480}.Release|Any CPU.Build.0 = Release|Any CPU
	EndGlobalSection
	GlobalSection(SolutionProperties) = preSolution
		HideSolutionNode = FALSE
	EndGlobalSection
	GlobalSection(ExtensibilityGlobals) = postSolution
		SolutionGuid = {B7A512B6-E97E-44CA-84FD-C2CC81DEF2C4}
	EndGlobalSection
EndGlobal
